
Microsoft Visual Studio Solution File, Format Version 12.00
# Visual Studio Version 17
VisualStudioVersion = 17.4.33213.308
MinimumVisualStudioVersion = 10.0.40219.1
Project("{FAE04EC0-301F-11D3-BF4B-00C04F79EFBC}") = "OverhaulMod", "OverhaulMod\OverhaulMod.csproj", "{CF09D809-823F-42A6-B3D8-A15A3DBC35F6}"
EndProject
Global
	GlobalSection(SolutionConfigurationPlatforms) = preSolution
		Debug|Any CPU = Debug|Any CPU
		Release|Any CPU = Release|Any CPU
	EndGlobalSection
	GlobalSection(ProjectConfigurationPlatforms) = postSolution
		{CF09D809-823F-42A6-B3D8-A15A3DBC35F6}.Debug|Any CPU.ActiveCfg = Debug|Any CPU
		{CF09D809-823F-42A6-B3D8-A15A3DBC35F6}.Debug|Any CPU.Build.0 = Debug|Any CPU
		{CF09D809-823F-42A6-B3D8-A15A3DBC35F6}.Release|Any CPU.ActiveCfg = Release|Any CPU
		{CF09D809-823F-42A6-B3D8-A15A3DBC35F6}.Release|Any CPU.Build.0 = Release|Any CPU
	EndGlobalSection
	GlobalSection(SolutionProperties) = preSolution
		HideSolutionNode = FALSE
	EndGlobalSection
	GlobalSection(ExtensibilityGlobals) = postSolution
		SolutionGuid = {156FD66F-9849-47BA-A413-EA2B63763168}
	EndGlobalSection
EndGlobal
