
Microsoft Visual Studio Solution File, Format Version 12.00
# Visual Studio 15
Project("{FAE04EC0-301F-11D3-BF4B-00C04F79EFBC}") = "Assembly-CSharp", "Assembly-CSharp.csproj", "{CFF615BD-A085-C035-BE43-D2016B28B218}"
EndProject
Project("{FAE04EC0-301F-11D3-BF4B-00C04F79EFBC}") = "Assembly-CSharp-Editor", "Assembly-CSharp-Editor.csproj", "{6659D441-5BD0-735B-54A1-EF9324147BEA}"
EndProject
Global
	GlobalSection(SolutionConfigurationPlatforms) = preSolution
		Debug|Any CPU = Debug|Any CPU
		Release|Any CPU = Release|Any CPU
	EndGlobalSection
	GlobalSection(ProjectConfigurationPlatforms) = postSolution
		{CFF615BD-A085-C035-BE43-D2016B28B218}.Debug|Any CPU.ActiveCfg = Debug|Any CPU
		{CFF615BD-A085-C035-BE43-D2016B28B218}.Debug|Any CPU.Build.0 = Debug|Any CPU
		{CFF615BD-A085-C035-BE43-D2016B28B218}.Release|Any CPU.ActiveCfg = Release|Any CPU
		{CFF615BD-A085-C035-BE43-D2016B28B218}.Release|Any CPU.Build.0 = Release|Any CPU
		{6659D441-5BD0-735B-54A1-EF9324147BEA}.Debug|Any CPU.ActiveCfg = Debug|Any CPU
		{6659D441-5BD0-735B-54A1-EF9324147BEA}.Debug|Any CPU.Build.0 = Debug|Any CPU
		{6659D441-5BD0-735B-54A1-EF9324147BEA}.Release|Any CPU.ActiveCfg = Release|Any CPU
		{6659D441-5BD0-735B-54A1-EF9324147BEA}.Release|Any CPU.Build.0 = Release|Any CPU
	EndGlobalSection
	GlobalSection(SolutionProperties) = preSolution
		HideSolutionNode = FALSE
	EndGlobalSection
	GlobalSection(MonoDevelopProperties) = preSolution
		StartupItem = Assembly-CSharp.csproj
	EndGlobalSection
EndGlobal
